
Microsoft Visual Studio Solution File, Format Version 12.00
# Visual Studio Version 16
VisualStudioVersion = 16.0.29806.167
MinimumVisualStudioVersion = 10.0.40219.1
Project("{FAE04EC0-301F-11D3-BF4B-00C04F79EFBC}") = "eShopSolution.WebApp", "eShopSolution.WebApp\eShopSolution.WebApp.csproj", "{A0AEF17C-7981-43EF-B610-BCC7835032E6}"
EndProject
Global
	GlobalSection(SolutionConfigurationPlatforms) = preSolution
		Debug|Any CPU = Debug|Any CPU
		Release|Any CPU = Release|Any CPU
	EndGlobalSection
	GlobalSection(ProjectConfigurationPlatforms) = postSolution
		{A0AEF17C-7981-43EF-B610-BCC7835032E6}.Debug|Any CPU.ActiveCfg = Debug|Any CPU
		{A0AEF17C-7981-43EF-B610-BCC7835032E6}.Debug|Any CPU.Build.0 = Debug|Any CPU
		{A0AEF17C-7981-43EF-B610-BCC7835032E6}.Release|Any CPU.ActiveCfg = Release|Any CPU
		{A0AEF17C-7981-43EF-B610-BCC7835032E6}.Release|Any CPU.Build.0 = Release|Any CPU
	EndGlobalSection
	GlobalSection(SolutionProperties) = preSolution
		HideSolutionNode = FALSE
	EndGlobalSection
	GlobalSection(ExtensibilityGlobals) = postSolution
		SolutionGuid = {7B282FA9-3326-41BF-A95E-7322B135CCA7}
	EndGlobalSection
EndGlobal
